
Microsoft Visual Studio Solution File, Format Version 12.00
# Visual Studio Version 17
VisualStudioVersion = 17.5.33502.453
MinimumVisualStudioVersion = 10.0.40219.1
Project("{FAE04EC0-301F-11D3-BF4B-00C04F79EFBC}") = "Strings", "Strings.csproj", "{851D3AC3-8DFF-4564-A62C-3B1A57BAA41B}"
EndProject
Global
	GlobalSection(SolutionConfigurationPlatforms) = preSolution
		Debug|Any CPU = Debug|Any CPU
		Release|Any CPU = Release|Any CPU
	EndGlobalSection
	GlobalSection(ProjectConfigurationPlatforms) = postSolution
		{851D3AC3-8DFF-4564-A62C-3B1A57BAA41B}.Debug|Any CPU.ActiveCfg = Debug|Any CPU
		{851D3AC3-8DFF-4564-A62C-3B1A57BAA41B}.Debug|Any CPU.Build.0 = Debug|Any CPU
		{851D3AC3-8DFF-4564-A62C-3B1A57BAA41B}.Release|Any CPU.ActiveCfg = Release|Any CPU
		{851D3AC3-8DFF-4564-A62C-3B1A57BAA41B}.Release|Any CPU.Build.0 = Release|Any CPU
	EndGlobalSection
	GlobalSection(SolutionProperties) = preSolution
		HideSolutionNode = FALSE
	EndGlobalSection
	GlobalSection(ExtensibilityGlobals) = postSolution
		SolutionGuid = {43C0E43E-C766-4D20-852A-866D99093FC7}
	EndGlobalSection
EndGlobal
