
Microsoft Visual Studio Solution File, Format Version 12.00
# Visual Studio Version 17
VisualStudioVersion = 17.5.33502.453
MinimumVisualStudioVersion = 10.0.40219.1
Project("{FAE04EC0-301F-11D3-BF4B-00C04F79EFBC}") = "Operadores  logicos", "Operadores  logicos.csproj", "{4C2E94AF-0140-4FE6-A64C-B5B115344645}"
EndProject
Global
	GlobalSection(SolutionConfigurationPlatforms) = preSolution
		Debug|Any CPU = Debug|Any CPU
		Release|Any CPU = Release|Any CPU
	EndGlobalSection
	GlobalSection(ProjectConfigurationPlatforms) = postSolution
		{4C2E94AF-0140-4FE6-A64C-B5B115344645}.Debug|Any CPU.ActiveCfg = Debug|Any CPU
		{4C2E94AF-0140-4FE6-A64C-B5B115344645}.Debug|Any CPU.Build.0 = Debug|Any CPU
		{4C2E94AF-0140-4FE6-A64C-B5B115344645}.Release|Any CPU.ActiveCfg = Release|Any CPU
		{4C2E94AF-0140-4FE6-A64C-B5B115344645}.Release|Any CPU.Build.0 = Release|Any CPU
	EndGlobalSection
	GlobalSection(SolutionProperties) = preSolution
		HideSolutionNode = FALSE
	EndGlobalSection
	GlobalSection(ExtensibilityGlobals) = postSolution
		SolutionGuid = {64307B89-7D93-48BB-9A83-A44173B45745}
	EndGlobalSection
EndGlobal
