
Microsoft Visual Studio Solution File, Format Version 12.00
# Visual Studio Version 17
VisualStudioVersion = 17.5.33502.453
MinimumVisualStudioVersion = 10.0.40219.1
Project("{FAE04EC0-301F-11D3-BF4B-00C04F79EFBC}") = "Operador relacional", "Operador relacional.csproj", "{EFD1F1BD-C64D-44E0-AA9A-A99EBFD6BBDA}"
EndProject
Global
	GlobalSection(SolutionConfigurationPlatforms) = preSolution
		Debug|Any CPU = Debug|Any CPU
		Release|Any CPU = Release|Any CPU
	EndGlobalSection
	GlobalSection(ProjectConfigurationPlatforms) = postSolution
		{EFD1F1BD-C64D-44E0-AA9A-A99EBFD6BBDA}.Debug|Any CPU.ActiveCfg = Debug|Any CPU
		{EFD1F1BD-C64D-44E0-AA9A-A99EBFD6BBDA}.Debug|Any CPU.Build.0 = Debug|Any CPU
		{EFD1F1BD-C64D-44E0-AA9A-A99EBFD6BBDA}.Release|Any CPU.ActiveCfg = Release|Any CPU
		{EFD1F1BD-C64D-44E0-AA9A-A99EBFD6BBDA}.Release|Any CPU.Build.0 = Release|Any CPU
	EndGlobalSection
	GlobalSection(SolutionProperties) = preSolution
		HideSolutionNode = FALSE
	EndGlobalSection
	GlobalSection(ExtensibilityGlobals) = postSolution
		SolutionGuid = {BBC0BA31-E04C-4D98-87C9-29D823A6C168}
	EndGlobalSection
EndGlobal
