
Microsoft Visual Studio Solution File, Format Version 12.00
# Visual Studio Version 17
VisualStudioVersion = 17.5.33502.453
MinimumVisualStudioVersion = 10.0.40219.1
Project("{FAE04EC0-301F-11D3-BF4B-00C04F79EFBC}") = "If ejemplo", "If ejemplo.csproj", "{5C4AC486-C0C0-4A59-A59F-FF0F21564C12}"
EndProject
Global
	GlobalSection(SolutionConfigurationPlatforms) = preSolution
		Debug|Any CPU = Debug|Any CPU
		Release|Any CPU = Release|Any CPU
	EndGlobalSection
	GlobalSection(ProjectConfigurationPlatforms) = postSolution
		{5C4AC486-C0C0-4A59-A59F-FF0F21564C12}.Debug|Any CPU.ActiveCfg = Debug|Any CPU
		{5C4AC486-C0C0-4A59-A59F-FF0F21564C12}.Debug|Any CPU.Build.0 = Debug|Any CPU
		{5C4AC486-C0C0-4A59-A59F-FF0F21564C12}.Release|Any CPU.ActiveCfg = Release|Any CPU
		{5C4AC486-C0C0-4A59-A59F-FF0F21564C12}.Release|Any CPU.Build.0 = Release|Any CPU
	EndGlobalSection
	GlobalSection(SolutionProperties) = preSolution
		HideSolutionNode = FALSE
	EndGlobalSection
	GlobalSection(ExtensibilityGlobals) = postSolution
		SolutionGuid = {3AFE91B7-B849-4ACB-8073-7A2E536ED56F}
	EndGlobalSection
EndGlobal
